
Microsoft Visual Studio Solution File, Format Version 12.00
# Visual Studio 15
VisualStudioVersion = 15.0.28307.168
MinimumVisualStudioVersion = 10.0.40219.1
Project("{FAE04EC0-301F-11D3-BF4B-00C04F79EFBC}") = "Server", "Server\Server.csproj", "{1408B35E-7E7C-45A5-A020-70B2DB7D44A8}"
EndProject
Project("{FAE04EC0-301F-11D3-BF4B-00C04F79EFBC}") = "Client", "Client\Client.csproj", "{B7269A0A-A576-450F-9D28-701A9D8A43DE}"
EndProject
Project("{FAE04EC0-301F-11D3-BF4B-00C04F79EFBC}") = "Host", "ClientV2\Host.csproj", "{20CB2E1B-FC6F-4674-8822-902ED46AEBDB}"
EndProject
Project("{FAE04EC0-301F-11D3-BF4B-00C04F79EFBC}") = "Interceptor", "Interceptor\Interceptor.csproj", "{C8D56848-E5D5-48DE-950B-331BE5424BFC}"
EndProject
Project("{FAE04EC0-301F-11D3-BF4B-00C04F79EFBC}") = "PacketInterceptor", "PacketInterceptor\PacketInterceptor.csproj", "{A088BDD9-4BBD-41DC-8EE8-3B915D8E5357}"
EndProject
Project("{FAE04EC0-301F-11D3-BF4B-00C04F79EFBC}") = "UdpHandler", "UdpHandler\UdpHandler.csproj", "{84179A63-C131-4B48-8313-A9F9BAD4703A}"
EndProject
Project("{FAE04EC0-301F-11D3-BF4B-00C04F79EFBC}") = "Rendezvous", "Rendezvous\Rendezvous.csproj", "{5FF60C4A-3637-4D13-897A-29B72D864C75}"
EndProject
Project("{FAE04EC0-301F-11D3-BF4B-00C04F79EFBC}") = "SslTcpClient", "SslTcpClient\SslTcpClient.csproj", "{8AE9DC82-5403-45D1-914C-CA711A81B2CA}"
EndProject
Project("{FAE04EC0-301F-11D3-BF4B-00C04F79EFBC}") = "Portunus.Core", "Portunus.Core\Portunus.Core.csproj", "{92097A7A-C01B-4577-A72F-A867B16DCB61}"
EndProject
Project("{FAE04EC0-301F-11D3-BF4B-00C04F79EFBC}") = "Portunus.Core.Client", "Portunus.Core.Client\Portunus.Core.Client.csproj", "{5B39DDA5-6BA0-43AE-AC09-C35A7FF7AE85}"
EndProject
Project("{FAE04EC0-301F-11D3-BF4B-00C04F79EFBC}") = "Portunus.Core.Rendezvous", "Portunus.Core.Rendezvous\Portunus.Core.Rendezvous.csproj", "{46A2D318-4BF2-4AE4-B8FA-36696F5F98FC}"
EndProject
Project("{FAE04EC0-301F-11D3-BF4B-00C04F79EFBC}") = "Portunus.Core.Host", "Portunus.Core.Host\Portunus.Core.Host.csproj", "{F9CB8905-C36C-4C8D-8680-1994AD536616}"
EndProject
Global
	GlobalSection(SolutionConfigurationPlatforms) = preSolution
		Debug|Any CPU = Debug|Any CPU
		Release|Any CPU = Release|Any CPU
	EndGlobalSection
	GlobalSection(ProjectConfigurationPlatforms) = postSolution
		{1408B35E-7E7C-45A5-A020-70B2DB7D44A8}.Debug|Any CPU.ActiveCfg = Debug|Any CPU
		{1408B35E-7E7C-45A5-A020-70B2DB7D44A8}.Debug|Any CPU.Build.0 = Debug|Any CPU
		{1408B35E-7E7C-45A5-A020-70B2DB7D44A8}.Release|Any CPU.ActiveCfg = Release|Any CPU
		{1408B35E-7E7C-45A5-A020-70B2DB7D44A8}.Release|Any CPU.Build.0 = Release|Any CPU
		{B7269A0A-A576-450F-9D28-701A9D8A43DE}.Debug|Any CPU.ActiveCfg = Debug|Any CPU
		{B7269A0A-A576-450F-9D28-701A9D8A43DE}.Debug|Any CPU.Build.0 = Debug|Any CPU
		{B7269A0A-A576-450F-9D28-701A9D8A43DE}.Release|Any CPU.ActiveCfg = Release|Any CPU
		{B7269A0A-A576-450F-9D28-701A9D8A43DE}.Release|Any CPU.Build.0 = Release|Any CPU
		{20CB2E1B-FC6F-4674-8822-902ED46AEBDB}.Debug|Any CPU.ActiveCfg = Debug|Any CPU
		{20CB2E1B-FC6F-4674-8822-902ED46AEBDB}.Debug|Any CPU.Build.0 = Debug|Any CPU
		{20CB2E1B-FC6F-4674-8822-902ED46AEBDB}.Release|Any CPU.ActiveCfg = Release|Any CPU
		{20CB2E1B-FC6F-4674-8822-902ED46AEBDB}.Release|Any CPU.Build.0 = Release|Any CPU
		{C8D56848-E5D5-48DE-950B-331BE5424BFC}.Debug|Any CPU.ActiveCfg = Debug|Any CPU
		{C8D56848-E5D5-48DE-950B-331BE5424BFC}.Debug|Any CPU.Build.0 = Debug|Any CPU
		{C8D56848-E5D5-48DE-950B-331BE5424BFC}.Release|Any CPU.ActiveCfg = Release|Any CPU
		{C8D56848-E5D5-48DE-950B-331BE5424BFC}.Release|Any CPU.Build.0 = Release|Any CPU
		{A088BDD9-4BBD-41DC-8EE8-3B915D8E5357}.Debug|Any CPU.ActiveCfg = Debug|Any CPU
		{A088BDD9-4BBD-41DC-8EE8-3B915D8E5357}.Debug|Any CPU.Build.0 = Debug|Any CPU
		{A088BDD9-4BBD-41DC-8EE8-3B915D8E5357}.Release|Any CPU.ActiveCfg = Release|Any CPU
		{A088BDD9-4BBD-41DC-8EE8-3B915D8E5357}.Release|Any CPU.Build.0 = Release|Any CPU
		{84179A63-C131-4B48-8313-A9F9BAD4703A}.Debug|Any CPU.ActiveCfg = Debug|Any CPU
		{84179A63-C131-4B48-8313-A9F9BAD4703A}.Debug|Any CPU.Build.0 = Debug|Any CPU
		{84179A63-C131-4B48-8313-A9F9BAD4703A}.Release|Any CPU.ActiveCfg = Release|Any CPU
		{84179A63-C131-4B48-8313-A9F9BAD4703A}.Release|Any CPU.Build.0 = Release|Any CPU
		{5FF60C4A-3637-4D13-897A-29B72D864C75}.Debug|Any CPU.ActiveCfg = Debug|Any CPU
		{5FF60C4A-3637-4D13-897A-29B72D864C75}.Debug|Any CPU.Build.0 = Debug|Any CPU
		{5FF60C4A-3637-4D13-897A-29B72D864C75}.Release|Any CPU.ActiveCfg = Release|Any CPU
		{5FF60C4A-3637-4D13-897A-29B72D864C75}.Release|Any CPU.Build.0 = Release|Any CPU
		{8AE9DC82-5403-45D1-914C-CA711A81B2CA}.Debug|Any CPU.ActiveCfg = Debug|Any CPU
		{8AE9DC82-5403-45D1-914C-CA711A81B2CA}.Debug|Any CPU.Build.0 = Debug|Any CPU
		{8AE9DC82-5403-45D1-914C-CA711A81B2CA}.Release|Any CPU.ActiveCfg = Release|Any CPU
		{8AE9DC82-5403-45D1-914C-CA711A81B2CA}.Release|Any CPU.Build.0 = Release|Any CPU
		{92097A7A-C01B-4577-A72F-A867B16DCB61}.Debug|Any CPU.ActiveCfg = Debug|Any CPU
		{92097A7A-C01B-4577-A72F-A867B16DCB61}.Debug|Any CPU.Build.0 = Debug|Any CPU
		{92097A7A-C01B-4577-A72F-A867B16DCB61}.Release|Any CPU.ActiveCfg = Release|Any CPU
		{92097A7A-C01B-4577-A72F-A867B16DCB61}.Release|Any CPU.Build.0 = Release|Any CPU
		{5B39DDA5-6BA0-43AE-AC09-C35A7FF7AE85}.Debug|Any CPU.ActiveCfg = Debug|Any CPU
		{5B39DDA5-6BA0-43AE-AC09-C35A7FF7AE85}.Debug|Any CPU.Build.0 = Debug|Any CPU
		{5B39DDA5-6BA0-43AE-AC09-C35A7FF7AE85}.Release|Any CPU.ActiveCfg = Release|Any CPU
		{5B39DDA5-6BA0-43AE-AC09-C35A7FF7AE85}.Release|Any CPU.Build.0 = Release|Any CPU
		{46A2D318-4BF2-4AE4-B8FA-36696F5F98FC}.Debug|Any CPU.ActiveCfg = Debug|Any CPU
		{46A2D318-4BF2-4AE4-B8FA-36696F5F98FC}.Debug|Any CPU.Build.0 = Debug|Any CPU
		{46A2D318-4BF2-4AE4-B8FA-36696F5F98FC}.Release|Any CPU.ActiveCfg = Release|Any CPU
		{46A2D318-4BF2-4AE4-B8FA-36696F5F98FC}.Release|Any CPU.Build.0 = Release|Any CPU
		{F9CB8905-C36C-4C8D-8680-1994AD536616}.Debug|Any CPU.ActiveCfg = Debug|Any CPU
		{F9CB8905-C36C-4C8D-8680-1994AD536616}.Debug|Any CPU.Build.0 = Debug|Any CPU
		{F9CB8905-C36C-4C8D-8680-1994AD536616}.Release|Any CPU.ActiveCfg = Release|Any CPU
		{F9CB8905-C36C-4C8D-8680-1994AD536616}.Release|Any CPU.Build.0 = Release|Any CPU
	EndGlobalSection
	GlobalSection(SolutionProperties) = preSolution
		HideSolutionNode = FALSE
	EndGlobalSection
	GlobalSection(ExtensibilityGlobals) = postSolution
		SolutionGuid = {1FA508D1-BC96-4979-AAF0-53BED220BABE}
	EndGlobalSection
EndGlobal
